
Microsoft Visual Studio Solution File, Format Version 12.00
# Visual Studio Version 17
VisualStudioVersion = 17.4.33205.214
MinimumVisualStudioVersion = 10.0.40219.1
Project("{FAE04EC0-301F-11D3-BF4B-00C04F79EFBC}") = "DeveloperTest", "DeveloperTest.csproj", "{66CA0B18-FD5D-4FF3-94D1-9823E7A70892}"
EndProject
Global
	GlobalSection(SolutionConfigurationPlatforms) = preSolution
		Debug|Any CPU = Debug|Any CPU
		Release|Any CPU = Release|Any CPU
	EndGlobalSection
	GlobalSection(ProjectConfigurationPlatforms) = postSolution
		{66CA0B18-FD5D-4FF3-94D1-9823E7A70892}.Debug|Any CPU.ActiveCfg = Debug|Any CPU
		{66CA0B18-FD5D-4FF3-94D1-9823E7A70892}.Debug|Any CPU.Build.0 = Debug|Any CPU
		{66CA0B18-FD5D-4FF3-94D1-9823E7A70892}.Release|Any CPU.ActiveCfg = Release|Any CPU
		{66CA0B18-FD5D-4FF3-94D1-9823E7A70892}.Release|Any CPU.Build.0 = Release|Any CPU
	EndGlobalSection
	GlobalSection(SolutionProperties) = preSolution
		HideSolutionNode = FALSE
	EndGlobalSection
	GlobalSection(ExtensibilityGlobals) = postSolution
		SolutionGuid = {95B9E277-C3CA-4CFE-B87C-0AD39F737300}
	EndGlobalSection
EndGlobal
